// !$*UTF8*$!
{
	archiveVersion = 1;
	classes = {
	};
	objectVersion = 46;
	objects = {

/* Begin PBXBuildFile section */
		F60F3AAF14DA213700F34033 /* Particle.png in Resources */ = {isa = PBXBuildFile; fileRef = F60F3AAE14DA213700F34033 /* Particle.png */; };
		F659780B14C2AC750040EB33 /* Pairs.m in Sources */ = {isa = PBXBuildFile; fileRef = F659780A14C2AC750040EB33 /* Pairs.m */; };
		F697288514BC0F7300212A07 /* UIKit.framework in Frameworks */ = {isa = PBXBuildFile; fileRef = F697288414BC0F7300212A07 /* UIKit.framework */; };
		F697288714BC0F7300212A07 /* Foundation.framework in Frameworks */ = {isa = PBXBuildFile; fileRef = F697288614BC0F7300212A07 /* Foundation.framework */; };
		F697288914BC0F7300212A07 /* CoreGraphics.framework in Frameworks */ = {isa = PBXBuildFile; fileRef = F697288814BC0F7300212A07 /* CoreGraphics.framework */; };
		F697288F14BC0F7300212A07 /* InfoPlist.strings in Resources */ = {isa = PBXBuildFile; fileRef = F697288D14BC0F7300212A07 /* InfoPlist.strings */; };
		F697289114BC0F7300212A07 /* main.m in Sources */ = {isa = PBXBuildFile; fileRef = F697289014BC0F7300212A07 /* main.m */; };
		F697289514BC0F7300212A07 /* AppDelegate.m in Sources */ = {isa = PBXBuildFile; fileRef = F697289414BC0F7300212A07 /* AppDelegate.m */; };
		F697289814BC0F7300212A07 /* MainStoryboard.storyboard in Resources */ = {isa = PBXBuildFile; fileRef = F697289614BC0F7300212A07 /* MainStoryboard.storyboard */; };
		F69728A214BC0F9200212A07 /* CoreData.framework in Frameworks */ = {isa = PBXBuildFile; fileRef = F69728A114BC0F9200212A07 /* CoreData.framework */; };
		F69728A514BC107600212A07 /* LlkViewController.m in Sources */ = {isa = PBXBuildFile; fileRef = F69728A414BC107600212A07 /* LlkViewController.m */; };
		F69728A814BC10CE00212A07 /* Llk.xcdatamodeld in Sources */ = {isa = PBXBuildFile; fileRef = F69728A614BC10CE00212A07 /* Llk.xcdatamodeld */; };
		F6A974E514D7BFE300DFF453 /* MiaoHongViewController.m in Sources */ = {isa = PBXBuildFile; fileRef = F6A974E414D7BFE300DFF453 /* MiaoHongViewController.m */; };
		F6A974E814D7C10100DFF453 /* OpenGLES.framework in Frameworks */ = {isa = PBXBuildFile; fileRef = F6A974E714D7C10100DFF453 /* OpenGLES.framework */; };
		F6A974EC14D7EA3200DFF453 /* GLKit.framework in Frameworks */ = {isa = PBXBuildFile; fileRef = F6A974EB14D7EA3200DFF453 /* GLKit.framework */; };
		F6ACD2AB14BE6AC6008150A5 /* RootViewController.m in Sources */ = {isa = PBXBuildFile; fileRef = F6ACD2AA14BE6AC6008150A5 /* RootViewController.m */; };
		F6CAE07314C151FE0031A104 /* Llk.sqlite in Resources */ = {isa = PBXBuildFile; fileRef = F6CAE07214C151FE0031A104 /* Llk.sqlite */; };
/* End PBXBuildFile section */

/* Begin PBXFileReference section */
		F60F3AAE14DA213700F34033 /* Particle.png */ = {isa = PBXFileReference; lastKnownFileType = image.png; path = Particle.png; sourceTree = "<group>"; };
		F659780914C2AC750040EB33 /* Pairs.h */ = {isa = PBXFileReference; fileEncoding = 4; lastKnownFileType = sourcecode.c.h; path = Pairs.h; sourceTree = "<group>"; };
		F659780A14C2AC750040EB33 /* Pairs.m */ = {isa = PBXFileReference; fileEncoding = 4; lastKnownFileType = sourcecode.c.objc; path = Pairs.m; sourceTree = "<group>"; };
		F697288014BC0F7300212A07 /* PTC.app */ = {isa = PBXFileReference; explicitFileType = wrapper.application; includeInIndex = 0; path = PTC.app; sourceTree = BUILT_PRODUCTS_DIR; };
		F697288414BC0F7300212A07 /* UIKit.framework */ = {isa = PBXFileReference; lastKnownFileType = wrapper.framework; name = UIKit.framework; path = System/Library/Frameworks/UIKit.framework; sourceTree = SDKROOT; };
		F697288614BC0F7300212A07 /* Foundation.framework */ = {isa = PBXFileReference; lastKnownFileType = wrapper.framework; name = Foundation.framework; path = System/Library/Frameworks/Foundation.framework; sourceTree = SDKROOT; };
		F697288814BC0F7300212A07 /* CoreGraphics.framework */ = {isa = PBXFileReference; lastKnownFileType = wrapper.framework; name = CoreGraphics.framework; path = System/Library/Frameworks/CoreGraphics.framework; sourceTree = SDKROOT; };
		F697288C14BC0F7300212A07 /* PTC-Info.plist */ = {isa = PBXFileReference; lastKnownFileType = text.plist.xml; path = "PTC-Info.plist"; sourceTree = "<group>"; };
		F697288E14BC0F7300212A07 /* en */ = {isa = PBXFileReference; lastKnownFileType = text.plist.strings; name = en; path = en.lproj/InfoPlist.strings; sourceTree = "<group>"; };
		F697289014BC0F7300212A07 /* main.m */ = {isa = PBXFileReference; lastKnownFileType = sourcecode.c.objc; path = main.m; sourceTree = "<group>"; };
		F697289214BC0F7300212A07 /* PTC-Prefix.pch */ = {isa = PBXFileReference; lastKnownFileType = sourcecode.c.h; path = "PTC-Prefix.pch"; sourceTree = "<group>"; };
		F697289314BC0F7300212A07 /* AppDelegate.h */ = {isa = PBXFileReference; lastKnownFileType = sourcecode.c.h; path = AppDelegate.h; sourceTree = "<group>"; };
		F697289414BC0F7300212A07 /* AppDelegate.m */ = {isa = PBXFileReference; lastKnownFileType = sourcecode.c.objc; path = AppDelegate.m; sourceTree = "<group>"; };
		F697289714BC0F7300212A07 /* en */ = {isa = PBXFileReference; lastKnownFileType = file.storyboard; name = en; path = en.lproj/MainStoryboard.storyboard; sourceTree = "<group>"; };
		F69728A114BC0F9200212A07 /* CoreData.framework */ = {isa = PBXFileReference; lastKnownFileType = wrapper.framework; name = CoreData.framework; path = System/Library/Frameworks/CoreData.framework; sourceTree = SDKROOT; };
		F69728A314BC107600212A07 /* LlkViewController.h */ = {isa = PBXFileReference; fileEncoding = 4; lastKnownFileType = sourcecode.c.h; path = LlkViewController.h; sourceTree = "<group>"; };
		F69728A414BC107600212A07 /* LlkViewController.m */ = {isa = PBXFileReference; fileEncoding = 4; lastKnownFileType = sourcecode.c.objc; path = LlkViewController.m; sourceTree = "<group>"; };
		F69728A714BC10CE00212A07 /* Llk.xcdatamodel */ = {isa = PBXFileReference; lastKnownFileType = wrapper.xcdatamodel; path = Llk.xcdatamodel; sourceTree = "<group>"; };
		F6A974E314D7BFE300DFF453 /* MiaoHongViewController.h */ = {isa = PBXFileReference; fileEncoding = 4; lastKnownFileType = sourcecode.c.h; path = MiaoHongViewController.h; sourceTree = "<group>"; };
		F6A974E414D7BFE300DFF453 /* MiaoHongViewController.m */ = {isa = PBXFileReference; fileEncoding = 4; lastKnownFileType = sourcecode.c.objc; path = MiaoHongViewController.m; sourceTree = "<group>"; };
		F6A974E714D7C10100DFF453 /* OpenGLES.framework */ = {isa = PBXFileReference; lastKnownFileType = wrapper.framework; name = OpenGLES.framework; path = System/Library/Frameworks/OpenGLES.framework; sourceTree = SDKROOT; };
		F6A974EB14D7EA3200DFF453 /* GLKit.framework */ = {isa = PBXFileReference; lastKnownFileType = wrapper.framework; name = GLKit.framework; path = System/Library/Frameworks/GLKit.framework; sourceTree = SDKROOT; };
		F6ACD2A914BE6AC6008150A5 /* RootViewController.h */ = {isa = PBXFileReference; fileEncoding = 4; lastKnownFileType = sourcecode.c.h; path = RootViewController.h; sourceTree = "<group>"; };
		F6ACD2AA14BE6AC6008150A5 /* RootViewController.m */ = {isa = PBXFileReference; fileEncoding = 4; lastKnownFileType = sourcecode.c.objc; path = RootViewController.m; sourceTree = "<group>"; };
		F6CAE07214C151FE0031A104 /* Llk.sqlite */ = {isa = PBXFileReference; lastKnownFileType = file; name = Llk.sqlite; path = PTC/Llk.sqlite; sourceTree = "<group>"; };
/* End PBXFileReference section */

/* Begin PBXFrameworksBuildPhase section */
		F697287D14BC0F7300212A07 /* Frameworks */ = {
			isa = PBXFrameworksBuildPhase;
			buildActionMask = 2147483647;
			files = (
				F6A974EC14D7EA3200DFF453 /* GLKit.framework in Frameworks */,
				F6A974E814D7C10100DFF453 /* OpenGLES.framework in Frameworks */,
				F69728A214BC0F9200212A07 /* CoreData.framework in Frameworks */,
				F697288514BC0F7300212A07 /* UIKit.framework in Frameworks */,
				F697288714BC0F7300212A07 /* Foundation.framework in Frameworks */,
				F697288914BC0F7300212A07 /* CoreGraphics.framework in Frameworks */,
			);
			runOnlyForDeploymentPostprocessing = 0;
		};
/* End PBXFrameworksBuildPhase section */

/* Begin PBXGroup section */
		F697287514BC0F7300212A07 = {
			isa = PBXGroup;
			children = (
				F697288A14BC0F7300212A07 /* PTC */,
				F6ACD2A814BE6A77008150A5 /* Resource */,
				F697288314BC0F7300212A07 /* Frameworks */,
				F697288114BC0F7300212A07 /* Products */,
			);
			sourceTree = "<group>";
		};
		F697288114BC0F7300212A07 /* Products */ = {
			isa = PBXGroup;
			children = (
				F697288014BC0F7300212A07 /* PTC.app */,
			);
			name = Products;
			sourceTree = "<group>";
		};
		F697288314BC0F7300212A07 /* Frameworks */ = {
			isa = PBXGroup;
			children = (
				F6A974EB14D7EA3200DFF453 /* GLKit.framework */,
				F6A974E714D7C10100DFF453 /* OpenGLES.framework */,
				F69728A114BC0F9200212A07 /* CoreData.framework */,
				F697288414BC0F7300212A07 /* UIKit.framework */,
				F697288614BC0F7300212A07 /* Foundation.framework */,
				F697288814BC0F7300212A07 /* CoreGraphics.framework */,
			);
			name = Frameworks;
			sourceTree = "<group>";
		};
		F697288A14BC0F7300212A07 /* PTC */ = {
			isa = PBXGroup;
			children = (
				F697289314BC0F7300212A07 /* AppDelegate.h */,
				F697289414BC0F7300212A07 /* AppDelegate.m */,
				F697289614BC0F7300212A07 /* MainStoryboard.storyboard */,
				F69728A314BC107600212A07 /* LlkViewController.h */,
				F69728A414BC107600212A07 /* LlkViewController.m */,
				F6ACD2A914BE6AC6008150A5 /* RootViewController.h */,
				F6ACD2AA14BE6AC6008150A5 /* RootViewController.m */,
				F6A974E314D7BFE300DFF453 /* MiaoHongViewController.h */,
				F6A974E414D7BFE300DFF453 /* MiaoHongViewController.m */,
				F697288B14BC0F7300212A07 /* Supporting Files */,
			);
			path = PTC;
			sourceTree = "<group>";
		};
		F697288B14BC0F7300212A07 /* Supporting Files */ = {
			isa = PBXGroup;
			children = (
				F60F3AAE14DA213700F34033 /* Particle.png */,
				F697288C14BC0F7300212A07 /* PTC-Info.plist */,
				F697288D14BC0F7300212A07 /* InfoPlist.strings */,
				F697289014BC0F7300212A07 /* main.m */,
				F697289214BC0F7300212A07 /* PTC-Prefix.pch */,
			);
			name = "Supporting Files";
			sourceTree = "<group>";
		};
		F6ACD2A714BE6A55008150A5 /* Images */ = {
			isa = PBXGroup;
			children = (
			);
			name = Images;
			path = PTC;
			sourceTree = "<group>";
		};
		F6ACD2A814BE6A77008150A5 /* Resource */ = {
			isa = PBXGroup;
			children = (
				F69728A614BC10CE00212A07 /* Llk.xcdatamodeld */,
				F659780914C2AC750040EB33 /* Pairs.h */,
				F659780A14C2AC750040EB33 /* Pairs.m */,
				F6CAE07214C151FE0031A104 /* Llk.sqlite */,
				F6ACD2A714BE6A55008150A5 /* Images */,
			);
			name = Resource;
			sourceTree = "<group>";
		};
/* End PBXGroup section */

/* Begin PBXNativeTarget section */
		F697287F14BC0F7300212A07 /* PTC */ = {
			isa = PBXNativeTarget;
			buildConfigurationList = F697289E14BC0F7300212A07 /* Build configuration list for PBXNativeTarget "PTC" */;
			buildPhases = (
				F697287C14BC0F7300212A07 /* Sources */,
				F697287D14BC0F7300212A07 /* Frameworks */,
				F697287E14BC0F7300212A07 /* Resources */,
			);
			buildRules = (
			);
			dependencies = (
			);
			name = PTC;
			productName = PTC;
			productReference = F697288014BC0F7300212A07 /* PTC.app */;
			productType = "com.apple.product-type.application";
		};
/* End PBXNativeTarget section */

/* Begin PBXProject section */
		F697287714BC0F7300212A07 /* Project object */ = {
			isa = PBXProject;
			attributes = {
				LastUpgradeCheck = 0420;
			};
			buildConfigurationList = F697287A14BC0F7300212A07 /* Build configuration list for PBXProject "PTC" */;
			compatibilityVersion = "Xcode 3.2";
			developmentRegion = English;
			hasScannedForEncodings = 0;
			knownRegions = (
				en,
			);
			mainGroup = F697287514BC0F7300212A07;
			productRefGroup = F697288114BC0F7300212A07 /* Products */;
			projectDirPath = "";
			projectRoot = "";
			targets = (
				F697287F14BC0F7300212A07 /* PTC */,
			);
		};
/* End PBXProject section */

/* Begin PBXResourcesBuildPhase section */
		F697287E14BC0F7300212A07 /* Resources */ = {
			isa = PBXResourcesBuildPhase;
			buildActionMask = 2147483647;
			files = (
				F697288F14BC0F7300212A07 /* InfoPlist.strings in Resources */,
				F697289814BC0F7300212A07 /* MainStoryboard.storyboard in Resources */,
				F6CAE07314C151FE0031A104 /* Llk.sqlite in Resources */,
				F60F3AAF14DA213700F34033 /* Particle.png in Resources */,
			);
			runOnlyForDeploymentPostprocessing = 0;
		};
/* End PBXResourcesBuildPhase section */

/* Begin PBXSourcesBuildPhase section */
		F697287C14BC0F7300212A07 /* Sources */ = {
			isa = PBXSourcesBuildPhase;
			buildActionMask = 2147483647;
			files = (
				F697289114BC0F7300212A07 /* main.m in Sources */,
				F697289514BC0F7300212A07 /* AppDelegate.m in Sources */,
				F69728A514BC107600212A07 /* LlkViewController.m in Sources */,
				F69728A814BC10CE00212A07 /* Llk.xcdatamodeld in Sources */,
				F6ACD2AB14BE6AC6008150A5 /* RootViewController.m in Sources */,
				F659780B14C2AC750040EB33 /* Pairs.m in Sources */,
				F6A974E514D7BFE300DFF453 /* MiaoHongViewController.m in Sources */,
			);
			runOnlyForDeploymentPostprocessing = 0;
		};
/* End PBXSourcesBuildPhase section */

/* Begin PBXVariantGroup section */
		F697288D14BC0F7300212A07 /* InfoPlist.strings */ = {
			isa = PBXVariantGroup;
			children = (
				F697288E14BC0F7300212A07 /* en */,
			);
			name = InfoPlist.strings;
			sourceTree = "<group>";
		};
		F697289614BC0F7300212A07 /* MainStoryboard.storyboard */ = {
			isa = PBXVariantGroup;
			children = (
				F697289714BC0F7300212A07 /* en */,
			);
			name = MainStoryboard.storyboard;
			sourceTree = "<group>";
		};
/* End PBXVariantGroup section */

/* Begin XCBuildConfiguration section */
		F697289C14BC0F7300212A07 /* Debug */ = {
			isa = XCBuildConfiguration;
			buildSettings = {
				ALWAYS_SEARCH_USER_PATHS = NO;
				ARCHS = "$(ARCHS_STANDARD_32_BIT)";
				CLANG_ENABLE_OBJC_ARC = YES;
				"CODE_SIGN_IDENTITY[sdk=iphoneos*]" = "iPhone Developer";
				COPY_PHASE_STRIP = NO;
				GCC_C_LANGUAGE_STANDARD = gnu99;
				GCC_DYNAMIC_NO_PIC = NO;
				GCC_OPTIMIZATION_LEVEL = 0;
				GCC_PREPROCESSOR_DEFINITIONS = (
					"DEBUG=1",
					"$(inherited)",
				);
				GCC_SYMBOLS_PRIVATE_EXTERN = NO;
				GCC_VERSION = com.apple.compilers.llvm.clang.1_0;
				GCC_WARN_ABOUT_MISSING_PROTOTYPES = YES;
				GCC_WARN_ABOUT_RETURN_TYPE = YES;
				GCC_WARN_UNUSED_VARIABLE = YES;
				IPHONEOS_DEPLOYMENT_TARGET = 5.0;
				SDKROOT = iphoneos;
			};
			name = Debug;
		};
		F697289D14BC0F7300212A07 /* Release */ = {
			isa = XCBuildConfiguration;
			buildSettings = {
				ALWAYS_SEARCH_USER_PATHS = NO;
				ARCHS = "$(ARCHS_STANDARD_32_BIT)";
				CLANG_ENABLE_OBJC_ARC = YES;
				"CODE_SIGN_IDENTITY[sdk=iphoneos*]" = "iPhone Developer";
				COPY_PHASE_STRIP = YES;
				GCC_C_LANGUAGE_STANDARD = gnu99;
				GCC_VERSION = com.apple.compilers.llvm.clang.1_0;
				GCC_WARN_ABOUT_MISSING_PROTOTYPES = YES;
				GCC_WARN_ABOUT_RETURN_TYPE = YES;
				GCC_WARN_UNUSED_VARIABLE = YES;
				IPHONEOS_DEPLOYMENT_TARGET = 5.0;
				OTHER_CFLAGS = "-DNS_BLOCK_ASSERTIONS=1";
				SDKROOT = iphoneos;
				VALIDATE_PRODUCT = YES;
			};
			name = Release;
		};
		F697289F14BC0F7300212A07 /* Debug */ = {
			isa = XCBuildConfiguration;
			buildSettings = {
				GCC_PRECOMPILE_PREFIX_HEADER = YES;
				GCC_PREFIX_HEADER = "PTC/PTC-Prefix.pch";
				INFOPLIST_FILE = "PTC/PTC-Info.plist";
				PRODUCT_NAME = "$(TARGET_NAME)";
				WRAPPER_EXTENSION = app;
			};
			name = Debug;
		};
		F69728A014BC0F7300212A07 /* Release */ = {
			isa = XCBuildConfiguration;
			buildSettings = {
				GCC_PRECOMPILE_PREFIX_HEADER = YES;
				GCC_PREFIX_HEADER = "PTC/PTC-Prefix.pch";
				INFOPLIST_FILE = "PTC/PTC-Info.plist";
				PRODUCT_NAME = "$(TARGET_NAME)";
				WRAPPER_EXTENSION = app;
			};
			name = Release;
		};
/* End XCBuildConfiguration section */

/* Begin XCConfigurationList section */
		F697287A14BC0F7300212A07 /* Build configuration list for PBXProject "PTC" */ = {
			isa = XCConfigurationList;
			buildConfigurations = (
				F697289C14BC0F7300212A07 /* Debug */,
				F697289D14BC0F7300212A07 /* Release */,
			);
			defaultConfigurationIsVisible = 0;
			defaultConfigurationName = Release;
		};
		F697289E14BC0F7300212A07 /* Build configuration list for PBXNativeTarget "PTC" */ = {
			isa = XCConfigurationList;
			buildConfigurations = (
				F697289F14BC0F7300212A07 /* Debug */,
				F69728A014BC0F7300212A07 /* Release */,
			);
			defaultConfigurationIsVisible = 0;
			defaultConfigurationName = Release;
		};
/* End XCConfigurationList section */

/* Begin XCVersionGroup section */
		F69728A614BC10CE00212A07 /* Llk.xcdatamodeld */ = {
			isa = XCVersionGroup;
			children = (
				F69728A714BC10CE00212A07 /* Llk.xcdatamodel */,
			);
			currentVersion = F69728A714BC10CE00212A07 /* Llk.xcdatamodel */;
			name = Llk.xcdatamodeld;
			path = PTC/Llk.xcdatamodeld;
			sourceTree = "<group>";
			versionGroupType = wrapper.xcdatamodel;
		};
/* End XCVersionGroup section */
	};
	rootObject = F697287714BC0F7300212A07 /* Project object */;
}
